
Microsoft Visual Studio Solution File, Format Version 12.00
# Visual Studio Version 17
VisualStudioVersion = 17.4.33213.308
MinimumVisualStudioVersion = 10.0.40219.1
Project("{FAE04EC0-301F-11D3-BF4B-00C04F79EFBC}") = "Final_Project", "Final_Project.csproj", "{1457EFEC-87C3-4D7C-A2F1-73FC4B92FD53}"
EndProject
Global
	GlobalSection(SolutionConfigurationPlatforms) = preSolution
		Debug|Any CPU = Debug|Any CPU
		Release|Any CPU = Release|Any CPU
	EndGlobalSection
	GlobalSection(ProjectConfigurationPlatforms) = postSolution
		{1457EFEC-87C3-4D7C-A2F1-73FC4B92FD53}.Debug|Any CPU.ActiveCfg = Debug|Any CPU
		{1457EFEC-87C3-4D7C-A2F1-73FC4B92FD53}.Debug|Any CPU.Build.0 = Debug|Any CPU
		{1457EFEC-87C3-4D7C-A2F1-73FC4B92FD53}.Release|Any CPU.ActiveCfg = Release|Any CPU
		{1457EFEC-87C3-4D7C-A2F1-73FC4B92FD53}.Release|Any CPU.Build.0 = Release|Any CPU
	EndGlobalSection
	GlobalSection(SolutionProperties) = preSolution
		HideSolutionNode = FALSE
	EndGlobalSection
	GlobalSection(ExtensibilityGlobals) = postSolution
		SolutionGuid = {6EBCBD48-9881-41C0-ADD7-28D259F6754D}
	EndGlobalSection
EndGlobal
